{
  "name": "list-maker",
  "version": "1.0.0",
  "lockfileVersion": 2,
  "requires": true,
  "packages": {
    "": {
      "name": "list-maker",
      "version": "1.0.0",
      "license": "MIT",
      "dependencies": {
        "list-maker": "^1.0.0"
      }
    },
    "node_modules/list-maker": {
      "version": "1.0.0",
      "resolved": "https://registry.npmjs.org/list-maker/-/list-maker-1.0.0.tgz",
      "integrity": "sha512-b6aNjwJPILXh+ynfWVldLBPTK1m1dJg8BP2E+sDvYIN/KaJvdp0Xw0NKC+13DnyqSmckWIaMDcnyPVF/LqL7Kg=="
    }
  },
  "dependencies": {
    "list-maker": {
      "version": "1.0.0",
      "resolved": "https://registry.npmjs.org/list-maker/-/list-maker-1.0.0.tgz",
      "integrity": "sha512-b6aNjwJPILXh+ynfWVldLBPTK1m1dJg8BP2E+sDvYIN/KaJvdp0Xw0NKC+13DnyqSmckWIaMDcnyPVF/LqL7Kg=="
    }
  }
}
